PODS:
  - Texture/Core (2.8.1)
  - TextureSwiftSupport (1.5.0):
    - Texture/Core (~> 2.8)

DEPENDENCIES:
  - Texture/Core
  - TextureSwiftSupport

SPEC REPOS:
  trunk:
    - Texture
    - TextureSwiftSupport

SPEC CHECKSUMS:
  Texture: 8ecf6984065a1e54f06bf97b349ecca28582acd7
  TextureSwiftSupport: ff4052c7ba9c78b10849b06cee09a0ee33b00997

PODFILE CHECKSUM: 114ec8cb8738416608336399f321c4e6494c6952

COCOAPODS: 1.8.4
