PODS:
  - Reveal-SDK (28)
  - StorybookKit (1.7.0)
  - StorybookKitTextureSupport (1.7.0):
    - StorybookKit (>= 1.7.0)
    - Texture/Core (>= 3.0.0)
    - TextureBridging (>= 3.0.1)
    - TextureSwiftSupport (>= 3.9.0)
  - StorybookUI (1.7.0):
    - StorybookKit (>= 1.3.0)
  - Texture/Core (3.0.0)
  - TextureBridging (3.0.1):
    - Texture/Core (~> 3)
  - TextureSwiftSupport (3.10.0):
    - Texture/Core (>= 3)
    - TextureSwiftSupport/Components (= 3.10.0)
    - TextureSwiftSupport/Experiments (= 3.10.0)
    - TextureSwiftSupport/Extensions (= 3.10.0)
    - TextureSwiftSupport/LayoutSpecBuilders (= 3.10.0)
  - TextureSwiftSupport/Components (3.10.0):
    - Texture/Core (>= 3)
    - TextureSwiftSupport/LayoutSpecBuilders
  - TextureSwiftSupport/Experiments (3.10.0):
    - Texture/Core (>= 3)
  - TextureSwiftSupport/Extensions (3.10.0):
    - Texture/Core (>= 3)
  - TextureSwiftSupport/LayoutSpecBuilders (3.10.0):
    - Texture/Core (>= 3)
  - TypedTextAttributes (1.1.0)

DEPENDENCIES:
  - Reveal-SDK
  - StorybookKit
  - StorybookKitTextureSupport
  - StorybookUI
  - Texture/Core
  - TextureBridging
  - TextureSwiftSupport
  - TypedTextAttributes

SPEC REPOS:
  trunk:
    - Reveal-SDK
    - StorybookKit
    - StorybookKitTextureSupport
    - StorybookUI
    - Texture
    - TextureBridging
    - TextureSwiftSupport
    - TypedTextAttributes

SPEC CHECKSUMS:
  Reveal-SDK: 1a2a678648fc4d277bad71c86d15530424324288
  StorybookKit: 6821c796c7abd909ea370dbf86eb7bd5087a9e04
  StorybookKitTextureSupport: 2fe047a155f87dedff413247ce1d53e26e726a1e
  StorybookUI: aa60ba1ea5a169f39134822cddd2248f3840b79e
  Texture: 2f109e937850d94d1d07232041c9c7313ccddb81
  TextureBridging: b4035a6a9e64d061f3238f3dc08abd36b8eff8f7
  TextureSwiftSupport: a31def8c674716ae111be64c19caab2471fee761
  TypedTextAttributes: fc3a5a8c4a7a28304446f8c5e8af146d11c2163a

PODFILE CHECKSUM: 0c7037576bc407bdef19696a47ec9b37689598a1

COCOAPODS: 1.10.1
